
Microsoft Visual Studio Solution File, Format Version 12.00
# Visual Studio Version 16
VisualStudioVersion = 16.0.30804.86
MinimumVisualStudioVersion = 10.0.40219.1
Project("{FAE04EC0-301F-11D3-BF4B-00C04F79EFBC}") = "SMP", "SMP\SMP.csproj", "{071EDD3E-7E13-4208-B618-D906C407A2A5}"
EndProject
Project("{FAE04EC0-301F-11D3-BF4B-00C04F79EFBC}") = "Reports", "Reports\Reports.csproj", "{683FE438-8AB3-4B6C-B849-E536349A7DC7}"
EndProject
Global
	GlobalSection(SolutionConfigurationPlatforms) = preSolution
		Debug|Any CPU = Debug|Any CPU
		Release|Any CPU = Release|Any CPU
	EndGlobalSection
	GlobalSection(ProjectConfigurationPlatforms) = postSolution
		{071EDD3E-7E13-4208-B618-D906C407A2A5}.Debug|Any CPU.ActiveCfg = Debug|Any CPU
		{071EDD3E-7E13-4208-B618-D906C407A2A5}.Debug|Any CPU.Build.0 = Debug|Any CPU
		{071EDD3E-7E13-4208-B618-D906C407A2A5}.Release|Any CPU.ActiveCfg = Release|Any CPU
		{071EDD3E-7E13-4208-B618-D906C407A2A5}.Release|Any CPU.Build.0 = Release|Any CPU
		{683FE438-8AB3-4B6C-B849-E536349A7DC7}.Debug|Any CPU.ActiveCfg = Debug|Any CPU
		{683FE438-8AB3-4B6C-B849-E536349A7DC7}.Debug|Any CPU.Build.0 = Debug|Any CPU
		{683FE438-8AB3-4B6C-B849-E536349A7DC7}.Release|Any CPU.ActiveCfg = Release|Any CPU
		{683FE438-8AB3-4B6C-B849-E536349A7DC7}.Release|Any CPU.Build.0 = Release|Any CPU
	EndGlobalSection
	GlobalSection(SolutionProperties) = preSolution
		HideSolutionNode = FALSE
	EndGlobalSection
	GlobalSection(ExtensibilityGlobals) = postSolution
		SolutionGuid = {B69DC829-5EB4-4ACD-882D-3E4D5C5F1F6F}
	EndGlobalSection
EndGlobal
